// !$*UTF8*$!
{
	archiveVersion = 1;
	classes = {
	};
	objectVersion = 77;
	objects = {

/* Begin PBXBuildFile section */
		786CF9CF3E7F0359F89649A6 /* Pods_TVSeries_TVSeriesUITests.framework in Frameworks */ = {isa = PBXBuildFile; fileRef = 65AA2E7307B0A9B9DA355FC1 /* Pods_TVSeries_TVSeriesUITests.framework */; };
		7A58DA321D1763BC823800AE /* Pods_TVSeriesTests.framework in Frameworks */ = {isa = PBXBuildFile; fileRef = A10F11D75E9A4FA6AD23439F /* Pods_TVSeriesTests.framework */; };
		BBEB75124DDD1DB9EC946497 /* Pods_TVSeries.framework in Frameworks */ = {isa = PBXBuildFile; fileRef = C3B4388525851F63182D7F41 /* Pods_TVSeries.framework */; };
/* End PBXBuildFile section */

/* Begin PBXContainerItemProxy section */
		A4EC1C6A2D2D7F0200E3C1D5 /* PBXContainerItemProxy */ = {
			isa = PBXContainerItemProxy;
			containerPortal = A4EC1C512D2D7F0000E3C1D5 /* Project object */;
			proxyType = 1;
			remoteGlobalIDString = A4EC1C582D2D7F0000E3C1D5;
			remoteInfo = TVSeries;
		};
		A4EC1C742D2D7F0200E3C1D5 /* PBXContainerItemProxy */ = {
			isa = PBXContainerItemProxy;
			containerPortal = A4EC1C512D2D7F0000E3C1D5 /* Project object */;
			proxyType = 1;
			remoteGlobalIDString = A4EC1C582D2D7F0000E3C1D5;
			remoteInfo = TVSeries;
		};
/* End PBXContainerItemProxy section */

/* Begin PBXFileReference section */
		00B4408B4E83BF505B390387 /* Pods-TVSeries.debug.xcconfig */ = {isa = PBXFileReference; includeInIndex = 1; lastKnownFileType = text.xcconfig; name = "Pods-TVSeries.debug.xcconfig"; path = "Target Support Files/Pods-TVSeries/Pods-TVSeries.debug.xcconfig"; sourceTree = "<group>"; };
		18AD8271887CD0E5DD382E0D /* Pods-TVSeriesTests.debug.xcconfig */ = {isa = PBXFileReference; includeInIndex = 1; lastKnownFileType = text.xcconfig; name = "Pods-TVSeriesTests.debug.xcconfig"; path = "Target Support Files/Pods-TVSeriesTests/Pods-TVSeriesTests.debug.xcconfig"; sourceTree = "<group>"; };
		470A9732C4A9230EFB1618B0 /* Pods-TVSeries-TVSeriesUITests.debug.xcconfig */ = {isa = PBXFileReference; includeInIndex = 1; lastKnownFileType = text.xcconfig; name = "Pods-TVSeries-TVSeriesUITests.debug.xcconfig"; path = "Target Support Files/Pods-TVSeries-TVSeriesUITests/Pods-TVSeries-TVSeriesUITests.debug.xcconfig"; sourceTree = "<group>"; };
		65AA2E7307B0A9B9DA355FC1 /* Pods_TVSeries_TVSeriesUITests.framework */ = {isa = PBXFileReference; explicitFileType = wrapper.framework; includeInIndex = 0; path = Pods_TVSeries_TVSeriesUITests.framework; sourceTree = BUILT_PRODUCTS_DIR; };
		93D5D6B1DAEEA23A5581E7A8 /* Pods-TVSeries.release.xcconfig */ = {isa = PBXFileReference; includeInIndex = 1; lastKnownFileType = text.xcconfig; name = "Pods-TVSeries.release.xcconfig"; path = "Target Support Files/Pods-TVSeries/Pods-TVSeries.release.xcconfig"; sourceTree = "<group>"; };
		A10F11D75E9A4FA6AD23439F /* Pods_TVSeriesTests.framework */ = {isa = PBXFileReference; explicitFileType = wrapper.framework; includeInIndex = 0; path = Pods_TVSeriesTests.framework; sourceTree = BUILT_PRODUCTS_DIR; };
		A4EC1C592D2D7F0000E3C1D5 /* TVSeries.app */ = {isa = PBXFileReference; explicitFileType = wrapper.application; includeInIndex = 0; path = TVSeries.app; sourceTree = BUILT_PRODUCTS_DIR; };
		A4EC1C692D2D7F0200E3C1D5 /* TVSeriesTests.xctest */ = {isa = PBXFileReference; explicitFileType = wrapper.cfbundle; includeInIndex = 0; path = TVSeriesTests.xctest; sourceTree = BUILT_PRODUCTS_DIR; };
		A4EC1C732D2D7F0200E3C1D5 /* TVSeriesUITests.xctest */ = {isa = PBXFileReference; explicitFileType = wrapper.cfbundle; includeInIndex = 0; path = TVSeriesUITests.xctest; sourceTree = BUILT_PRODUCTS_DIR; };
		BA887E27D59CF9CF39458AC1 /* Pods-TVSeriesTests.release.xcconfig */ = {isa = PBXFileReference; includeInIndex = 1; lastKnownFileType = text.xcconfig; name = "Pods-TVSeriesTests.release.xcconfig"; path = "Target Support Files/Pods-TVSeriesTests/Pods-TVSeriesTests.release.xcconfig"; sourceTree = "<group>"; };
		C3B4388525851F63182D7F41 /* Pods_TVSeries.framework */ = {isa = PBXFileReference; explicitFileType = wrapper.framework; includeInIndex = 0; path = Pods_TVSeries.framework; sourceTree = BUILT_PRODUCTS_DIR; };
		D5DC4A9C989C9CAF1CDF9B1A /* Pods-TVSeries-TVSeriesUITests.release.xcconfig */ = {isa = PBXFileReference; includeInIndex = 1; lastKnownFileType = text.xcconfig; name = "Pods-TVSeries-TVSeriesUITests.release.xcconfig"; path = "Target Support Files/Pods-TVSeries-TVSeriesUITests/Pods-TVSeries-TVSeriesUITests.release.xcconfig"; sourceTree = "<group>"; };
/* End PBXFileReference section */

/* Begin PBXFileSystemSynchronizedRootGroup section */
		A4EC1C6C2D2D7F0200E3C1D5 /* TVSeriesTests */ = {
			isa = PBXFileSystemSynchronizedRootGroup;
			path = TVSeriesTests;
			sourceTree = "<group>";
		};
		A4EC1C762D2D7F0200E3C1D5 /* TVSeriesUITests */ = {
			isa = PBXFileSystemSynchronizedRootGroup;
			path = TVSeriesUITests;
			sourceTree = "<group>";
		};
		A4EC1CB42D2D8ED900E3C1D5 /* TVSeries */ = {
			isa = PBXFileSystemSynchronizedRootGroup;
			path = TVSeries;
			sourceTree = "<group>";
		};
/* End PBXFileSystemSynchronizedRootGroup section */

/* Begin PBXFrameworksBuildPhase section */
		A4EC1C562D2D7F0000E3C1D5 /* Frameworks */ = {
			isa = PBXFrameworksBuildPhase;
			buildActionMask = 2147483647;
			files = (
				BBEB75124DDD1DB9EC946497 /* Pods_TVSeries.framework in Frameworks */,
			);
			runOnlyForDeploymentPostprocessing = 0;
		};
		A4EC1C662D2D7F0200E3C1D5 /* Frameworks */ = {
			isa = PBXFrameworksBuildPhase;
			buildActionMask = 2147483647;
			files = (
				7A58DA321D1763BC823800AE /* Pods_TVSeriesTests.framework in Frameworks */,
			);
			runOnlyForDeploymentPostprocessing = 0;
		};
		A4EC1C702D2D7F0200E3C1D5 /* Frameworks */ = {
			isa = PBXFrameworksBuildPhase;
			buildActionMask = 2147483647;
			files = (
				786CF9CF3E7F0359F89649A6 /* Pods_TVSeries_TVSeriesUITests.framework in Frameworks */,
			);
			runOnlyForDeploymentPostprocessing = 0;
		};
/* End PBXFrameworksBuildPhase section */

/* Begin PBXGroup section */
		27290472C5ED1828256E62FD /* Pods */ = {
			isa = PBXGroup;
			children = (
				00B4408B4E83BF505B390387 /* Pods-TVSeries.debug.xcconfig */,
				93D5D6B1DAEEA23A5581E7A8 /* Pods-TVSeries.release.xcconfig */,
				470A9732C4A9230EFB1618B0 /* Pods-TVSeries-TVSeriesUITests.debug.xcconfig */,
				D5DC4A9C989C9CAF1CDF9B1A /* Pods-TVSeries-TVSeriesUITests.release.xcconfig */,
				18AD8271887CD0E5DD382E0D /* Pods-TVSeriesTests.debug.xcconfig */,
				BA887E27D59CF9CF39458AC1 /* Pods-TVSeriesTests.release.xcconfig */,
			);
			path = Pods;
			sourceTree = "<group>";
		};
		8BD6A806976FB72A6E8899E0 /* Frameworks */ = {
			isa = PBXGroup;
			children = (
				C3B4388525851F63182D7F41 /* Pods_TVSeries.framework */,
				65AA2E7307B0A9B9DA355FC1 /* Pods_TVSeries_TVSeriesUITests.framework */,
				A10F11D75E9A4FA6AD23439F /* Pods_TVSeriesTests.framework */,
			);
			name = Frameworks;
			sourceTree = "<group>";
		};
		A4EC1C502D2D7F0000E3C1D5 = {
			isa = PBXGroup;
			children = (
				A4EC1CB42D2D8ED900E3C1D5 /* TVSeries */,
				A4EC1C6C2D2D7F0200E3C1D5 /* TVSeriesTests */,
				A4EC1C762D2D7F0200E3C1D5 /* TVSeriesUITests */,
				A4EC1C5A2D2D7F0000E3C1D5 /* Products */,
				27290472C5ED1828256E62FD /* Pods */,
				8BD6A806976FB72A6E8899E0 /* Frameworks */,
			);
			sourceTree = "<group>";
		};
		A4EC1C5A2D2D7F0000E3C1D5 /* Products */ = {
			isa = PBXGroup;
			children = (
				A4EC1C592D2D7F0000E3C1D5 /* TVSeries.app */,
				A4EC1C692D2D7F0200E3C1D5 /* TVSeriesTests.xctest */,
				A4EC1C732D2D7F0200E3C1D5 /* TVSeriesUITests.xctest */,
			);
			name = Products;
			sourceTree = "<group>";
		};
/* End PBXGroup section */

/* Begin PBXNativeTarget section */
		A4EC1C582D2D7F0000E3C1D5 /* TVSeries */ = {
			isa = PBXNativeTarget;
			buildConfigurationList = A4EC1C7D2D2D7F0200E3C1D5 /* Build configuration list for PBXNativeTarget "TVSeries" */;
			buildPhases = (
				F19E4BE45B2BBC86CAD7ED3D /* [CP] Check Pods Manifest.lock */,
				A4EC1C552D2D7F0000E3C1D5 /* Sources */,
				A4EC1C562D2D7F0000E3C1D5 /* Frameworks */,
				A4EC1C572D2D7F0000E3C1D5 /* Resources */,
				387FEA06BF27C80657600BEF /* [CP] Embed Pods Frameworks */,
			);
			buildRules = (
			);
			dependencies = (
			);
			fileSystemSynchronizedGroups = (
				A4EC1CB42D2D8ED900E3C1D5 /* TVSeries */,
			);
			name = TVSeries;
			productName = TVSeries;
			productReference = A4EC1C592D2D7F0000E3C1D5 /* TVSeries.app */;
			productType = "com.apple.product-type.application";
		};
		A4EC1C682D2D7F0200E3C1D5 /* TVSeriesTests */ = {
			isa = PBXNativeTarget;
			buildConfigurationList = A4EC1C802D2D7F0200E3C1D5 /* Build configuration list for PBXNativeTarget "TVSeriesTests" */;
			buildPhases = (
				D7F2F58EDDF12027070DA55F /* [CP] Check Pods Manifest.lock */,
				A4EC1C652D2D7F0200E3C1D5 /* Sources */,
				A4EC1C662D2D7F0200E3C1D5 /* Frameworks */,
				A4EC1C672D2D7F0200E3C1D5 /* Resources */,
			);
			buildRules = (
			);
			dependencies = (
				A4EC1C6B2D2D7F0200E3C1D5 /* PBXTargetDependency */,
			);
			fileSystemSynchronizedGroups = (
				A4EC1C6C2D2D7F0200E3C1D5 /* TVSeriesTests */,
			);
			name = TVSeriesTests;
			productName = TVSeriesTests;
			productReference = A4EC1C692D2D7F0200E3C1D5 /* TVSeriesTests.xctest */;
			productType = "com.apple.product-type.bundle.unit-test";
		};
		A4EC1C722D2D7F0200E3C1D5 /* TVSeriesUITests */ = {
			isa = PBXNativeTarget;
			buildConfigurationList = A4EC1C832D2D7F0200E3C1D5 /* Build configuration list for PBXNativeTarget "TVSeriesUITests" */;
			buildPhases = (
				745F6ED43867A68E0C705EE2 /* [CP] Check Pods Manifest.lock */,
				A4EC1C6F2D2D7F0200E3C1D5 /* Sources */,
				A4EC1C702D2D7F0200E3C1D5 /* Frameworks */,
				A4EC1C712D2D7F0200E3C1D5 /* Resources */,
				0AADFA06D376485CB3C088DC /* [CP] Embed Pods Frameworks */,
			);
			buildRules = (
			);
			dependencies = (
				A4EC1C752D2D7F0200E3C1D5 /* PBXTargetDependency */,
			);
			fileSystemSynchronizedGroups = (
				A4EC1C762D2D7F0200E3C1D5 /* TVSeriesUITests */,
			);
			name = TVSeriesUITests;
			productName = TVSeriesUITests;
			productReference = A4EC1C732D2D7F0200E3C1D5 /* TVSeriesUITests.xctest */;
			productType = "com.apple.product-type.bundle.ui-testing";
		};
/* End PBXNativeTarget section */

/* Begin PBXProject section */
		A4EC1C512D2D7F0000E3C1D5 /* Project object */ = {
			isa = PBXProject;
			attributes = {
				BuildIndependentTargetsInParallel = 1;
				LastSwiftUpdateCheck = 1610;
				LastUpgradeCheck = 1610;
				TargetAttributes = {
					A4EC1C582D2D7F0000E3C1D5 = {
						CreatedOnToolsVersion = 16.1;
					};
					A4EC1C682D2D7F0200E3C1D5 = {
						CreatedOnToolsVersion = 16.1;
						TestTargetID = A4EC1C582D2D7F0000E3C1D5;
					};
					A4EC1C722D2D7F0200E3C1D5 = {
						CreatedOnToolsVersion = 16.1;
						TestTargetID = A4EC1C582D2D7F0000E3C1D5;
					};
				};
			};
			buildConfigurationList = A4EC1C542D2D7F0000E3C1D5 /* Build configuration list for PBXProject "TVSeries" */;
			developmentRegion = en;
			hasScannedForEncodings = 0;
			knownRegions = (
				en,
				Base,
				"pt-BR",
			);
			mainGroup = A4EC1C502D2D7F0000E3C1D5;
			minimizedProjectReferenceProxies = 1;
			preferredProjectObjectVersion = 77;
			productRefGroup = A4EC1C5A2D2D7F0000E3C1D5 /* Products */;
			projectDirPath = "";
			projectRoot = "";
			targets = (
				A4EC1C582D2D7F0000E3C1D5 /* TVSeries */,
				A4EC1C682D2D7F0200E3C1D5 /* TVSeriesTests */,
				A4EC1C722D2D7F0200E3C1D5 /* TVSeriesUITests */,
			);
		};
/* End PBXProject section */

/* Begin PBXResourcesBuildPhase section */
		A4EC1C572D2D7F0000E3C1D5 /* Resources */ = {
			isa = PBXResourcesBuildPhase;
			buildActionMask = 2147483647;
			files = (
			);
			runOnlyForDeploymentPostprocessing = 0;
		};
		A4EC1C672D2D7F0200E3C1D5 /* Resources */ = {
			isa = PBXResourcesBuildPhase;
			buildActionMask = 2147483647;
			files = (
			);
			runOnlyForDeploymentPostprocessing = 0;
		};
		A4EC1C712D2D7F0200E3C1D5 /* Resources */ = {
			isa = PBXResourcesBuildPhase;
			buildActionMask = 2147483647;
			files = (
			);
			runOnlyForDeploymentPostprocessing = 0;
		};
/* End PBXResourcesBuildPhase section */

/* Begin PBXShellScriptBuildPhase section */
		0AADFA06D376485CB3C088DC /* [CP] Embed Pods Frameworks */ = {
			isa = PBXShellScriptBuildPhase;
			buildActionMask = 2147483647;
			files = (
			);
			inputFileListPaths = (
				"${PODS_ROOT}/Target Support Files/Pods-TVSeries-TVSeriesUITests/Pods-TVSeries-TVSeriesUITests-frameworks-${CONFIGURATION}-input-files.xcfilelist",
			);
			name = "[CP] Embed Pods Frameworks";
			outputFileListPaths = (
				"${PODS_ROOT}/Target Support Files/Pods-TVSeries-TVSeriesUITests/Pods-TVSeries-TVSeriesUITests-frameworks-${CONFIGURATION}-output-files.xcfilelist",
			);
			runOnlyForDeploymentPostprocessing = 0;
			shellPath = /bin/sh;
			shellScript = "\"${PODS_ROOT}/Target Support Files/Pods-TVSeries-TVSeriesUITests/Pods-TVSeries-TVSeriesUITests-frameworks.sh\"\n";
			showEnvVarsInLog = 0;
		};
		387FEA06BF27C80657600BEF /* [CP] Embed Pods Frameworks */ = {
			isa = PBXShellScriptBuildPhase;
			buildActionMask = 2147483647;
			files = (
			);
			inputFileListPaths = (
				"${PODS_ROOT}/Target Support Files/Pods-TVSeries/Pods-TVSeries-frameworks-${CONFIGURATION}-input-files.xcfilelist",
			);
			name = "[CP] Embed Pods Frameworks";
			outputFileListPaths = (
				"${PODS_ROOT}/Target Support Files/Pods-TVSeries/Pods-TVSeries-frameworks-${CONFIGURATION}-output-files.xcfilelist",
			);
			runOnlyForDeploymentPostprocessing = 0;
			shellPath = /bin/sh;
			shellScript = "\"${PODS_ROOT}/Target Support Files/Pods-TVSeries/Pods-TVSeries-frameworks.sh\"\n";
			showEnvVarsInLog = 0;
		};
		745F6ED43867A68E0C705EE2 /* [CP] Check Pods Manifest.lock */ = {
			isa = PBXShellScriptBuildPhase;
			buildActionMask = 2147483647;
			files = (
			);
			inputFileListPaths = (
			);
			inputPaths = (
				"${PODS_PODFILE_DIR_PATH}/Podfile.lock",
				"${PODS_ROOT}/Manifest.lock",
			);
			name = "[CP] Check Pods Manifest.lock";
			outputFileListPaths = (
			);
			outputPaths = (
				"$(DERIVED_FILE_DIR)/Pods-TVSeries-TVSeriesUITests-checkManifestLockResult.txt",
			);
			runOnlyForDeploymentPostprocessing = 0;
			shellPath = /bin/sh;
			shellScript = "diff \"${PODS_PODFILE_DIR_PATH}/Podfile.lock\" \"${PODS_ROOT}/Manifest.lock\" > /dev/null\nif [ $? != 0 ] ; then\n    # print error to STDERR\n    echo \"error: The sandbox is not in sync with the Podfile.lock. Run 'pod install' or update your CocoaPods installation.\" >&2\n    exit 1\nfi\n# This output is used by Xcode 'outputs' to avoid re-running this script phase.\necho \"SUCCESS\" > \"${SCRIPT_OUTPUT_FILE_0}\"\n";
			showEnvVarsInLog = 0;
		};
		D7F2F58EDDF12027070DA55F /* [CP] Check Pods Manifest.lock */ = {
			isa = PBXShellScriptBuildPhase;
			buildActionMask = 2147483647;
			files = (
			);
			inputFileListPaths = (
			);
			inputPaths = (
				"${PODS_PODFILE_DIR_PATH}/Podfile.lock",
				"${PODS_ROOT}/Manifest.lock",
			);
			name = "[CP] Check Pods Manifest.lock";
			outputFileListPaths = (
			);
			outputPaths = (
				"$(DERIVED_FILE_DIR)/Pods-TVSeriesTests-checkManifestLockResult.txt",
			);
			runOnlyForDeploymentPostprocessing = 0;
			shellPath = /bin/sh;
			shellScript = "diff \"${PODS_PODFILE_DIR_PATH}/Podfile.lock\" \"${PODS_ROOT}/Manifest.lock\" > /dev/null\nif [ $? != 0 ] ; then\n    # print error to STDERR\n    echo \"error: The sandbox is not in sync with the Podfile.lock. Run 'pod install' or update your CocoaPods installation.\" >&2\n    exit 1\nfi\n# This output is used by Xcode 'outputs' to avoid re-running this script phase.\necho \"SUCCESS\" > \"${SCRIPT_OUTPUT_FILE_0}\"\n";
			showEnvVarsInLog = 0;
		};
		F19E4BE45B2BBC86CAD7ED3D /* [CP] Check Pods Manifest.lock */ = {
			isa = PBXShellScriptBuildPhase;
			buildActionMask = 2147483647;
			files = (
			);
			inputFileListPaths = (
			);
			inputPaths = (
				"${PODS_PODFILE_DIR_PATH}/Podfile.lock",
				"${PODS_ROOT}/Manifest.lock",
			);
			name = "[CP] Check Pods Manifest.lock";
			outputFileListPaths = (
			);
			outputPaths = (
				"$(DERIVED_FILE_DIR)/Pods-TVSeries-checkManifestLockResult.txt",
			);
			runOnlyForDeploymentPostprocessing = 0;
			shellPath = /bin/sh;
			shellScript = "diff \"${PODS_PODFILE_DIR_PATH}/Podfile.lock\" \"${PODS_ROOT}/Manifest.lock\" > /dev/null\nif [ $? != 0 ] ; then\n    # print error to STDERR\n    echo \"error: The sandbox is not in sync with the Podfile.lock. Run 'pod install' or update your CocoaPods installation.\" >&2\n    exit 1\nfi\n# This output is used by Xcode 'outputs' to avoid re-running this script phase.\necho \"SUCCESS\" > \"${SCRIPT_OUTPUT_FILE_0}\"\n";
			showEnvVarsInLog = 0;
		};
/* End PBXShellScriptBuildPhase section */

/* Begin PBXSourcesBuildPhase section */
		A4EC1C552D2D7F0000E3C1D5 /* Sources */ = {
			isa = PBXSourcesBuildPhase;
			buildActionMask = 2147483647;
			files = (
			);
			runOnlyForDeploymentPostprocessing = 0;
		};
		A4EC1C652D2D7F0200E3C1D5 /* Sources */ = {
			isa = PBXSourcesBuildPhase;
			buildActionMask = 2147483647;
			files = (
			);
			runOnlyForDeploymentPostprocessing = 0;
		};
		A4EC1C6F2D2D7F0200E3C1D5 /* Sources */ = {
			isa = PBXSourcesBuildPhase;
			buildActionMask = 2147483647;
			files = (
			);
			runOnlyForDeploymentPostprocessing = 0;
		};
/* End PBXSourcesBuildPhase section */

/* Begin PBXTargetDependency section */
		A4EC1C6B2D2D7F0200E3C1D5 /* PBXTargetDependency */ = {
			isa = PBXTargetDependency;
			target = A4EC1C582D2D7F0000E3C1D5 /* TVSeries */;
			targetProxy = A4EC1C6A2D2D7F0200E3C1D5 /* PBXContainerItemProxy */;
		};
		A4EC1C752D2D7F0200E3C1D5 /* PBXTargetDependency */ = {
			isa = PBXTargetDependency;
			target = A4EC1C582D2D7F0000E3C1D5 /* TVSeries */;
			targetProxy = A4EC1C742D2D7F0200E3C1D5 /* PBXContainerItemProxy */;
		};
/* End PBXTargetDependency section */

/* Begin XCBuildConfiguration section */
		A4EC1C7B2D2D7F0200E3C1D5 /* Debug */ = {
			isa = XCBuildConfiguration;
			buildSettings = {
				ALWAYS_SEARCH_USER_PATHS = NO;
				ASSETCATALOG_COMPILER_GENERATE_SWIFT_ASSET_SYMBOL_EXTENSIONS = YES;
				CLANG_ANALYZER_NONNULL = YES;
				CLANG_ANALYZER_NUMBER_OBJECT_CONVERSION = YES_AGGRESSIVE;
				CLANG_CXX_LANGUAGE_STANDARD = "gnu++20";
				CLANG_ENABLE_MODULES = YES;
				CLANG_ENABLE_OBJC_ARC = YES;
				CLANG_ENABLE_OBJC_WEAK = YES;
				CLANG_WARN_BLOCK_CAPTURE_AUTORELEASING = YES;
				CLANG_WARN_BOOL_CONVERSION = YES;
				CLANG_WARN_COMMA = YES;
				CLANG_WARN_CONSTANT_CONVERSION = YES;
				CLANG_WARN_DEPRECATED_OBJC_IMPLEMENTATIONS = YES;
				CLANG_WARN_DIRECT_OBJC_ISA_USAGE = YES_ERROR;
				CLANG_WARN_DOCUMENTATION_COMMENTS = YES;
				CLANG_WARN_EMPTY_BODY = YES;
				CLANG_WARN_ENUM_CONVERSION = YES;
				CLANG_WARN_INFINITE_RECURSION = YES;
				CLANG_WARN_INT_CONVERSION = YES;
				CLANG_WARN_NON_LITERAL_NULL_CONVERSION = YES;
				CLANG_WARN_OBJC_IMPLICIT_RETAIN_SELF = YES;
				CLANG_WARN_OBJC_LITERAL_CONVERSION = YES;
				CLANG_WARN_OBJC_ROOT_CLASS = YES_ERROR;
				CLANG_WARN_QUOTED_INCLUDE_IN_FRAMEWORK_HEADER = YES;
				CLANG_WARN_RANGE_LOOP_ANALYSIS = YES;
				CLANG_WARN_STRICT_PROTOTYPES = YES;
				CLANG_WARN_SUSPICIOUS_MOVE = YES;
				CLANG_WARN_UNGUARDED_AVAILABILITY = YES_AGGRESSIVE;
				CLANG_WARN_UNREACHABLE_CODE = YES;
				CLANG_WARN__DUPLICATE_METHOD_MATCH = YES;
				COPY_PHASE_STRIP = NO;
				DEBUG_INFORMATION_FORMAT = dwarf;
				ENABLE_STRICT_OBJC_MSGSEND = YES;
				ENABLE_TESTABILITY = YES;
				ENABLE_USER_SCRIPT_SANDBOXING = NO;
				GCC_C_LANGUAGE_STANDARD = gnu17;
				GCC_DYNAMIC_NO_PIC = NO;
				GCC_NO_COMMON_BLOCKS = YES;
				GCC_OPTIMIZATION_LEVEL = 0;
				GCC_PREPROCESSOR_DEFINITIONS = (
					"DEBUG=1",
					"$(inherited)",
				);
				GCC_WARN_64_TO_32_BIT_CONVERSION = YES;
				GCC_WARN_ABOUT_RETURN_TYPE = YES_ERROR;
				GCC_WARN_UNDECLARED_SELECTOR = YES;
				GCC_WARN_UNINITIALIZED_AUTOS = YES_AGGRESSIVE;
				GCC_WARN_UNUSED_FUNCTION = YES;
				GCC_WARN_UNUSED_VARIABLE = YES;
				IPHONEOS_DEPLOYMENT_TARGET = 18.1;
				LOCALIZATION_PREFERS_STRING_CATALOGS = YES;
				MTL_ENABLE_DEBUG_INFO = INCLUDE_SOURCE;
				MTL_FAST_MATH = YES;
				ONLY_ACTIVE_ARCH = YES;
				SDKROOT = iphoneos;
				SWIFT_ACTIVE_COMPILATION_CONDITIONS = "DEBUG $(inherited)";
				SWIFT_EMIT_LOC_STRINGS = YES;
				SWIFT_OPTIMIZATION_LEVEL = "-Onone";
			};
			name = Debug;
		};
		A4EC1C7C2D2D7F0200E3C1D5 /* Release */ = {
			isa = XCBuildConfiguration;
			buildSettings = {
				ALWAYS_SEARCH_USER_PATHS = NO;
				ASSETCATALOG_COMPILER_GENERATE_SWIFT_ASSET_SYMBOL_EXTENSIONS = YES;
				CLANG_ANALYZER_NONNULL = YES;
				CLANG_ANALYZER_NUMBER_OBJECT_CONVERSION = YES_AGGRESSIVE;
				CLANG_CXX_LANGUAGE_STANDARD = "gnu++20";
				CLANG_ENABLE_MODULES = YES;
				CLANG_ENABLE_OBJC_ARC = YES;
				CLANG_ENABLE_OBJC_WEAK = YES;
				CLANG_WARN_BLOCK_CAPTURE_AUTORELEASING = YES;
				CLANG_WARN_BOOL_CONVERSION = YES;
				CLANG_WARN_COMMA = YES;
				CLANG_WARN_CONSTANT_CONVERSION = YES;
				CLANG_WARN_DEPRECATED_OBJC_IMPLEMENTATIONS = YES;
				CLANG_WARN_DIRECT_OBJC_ISA_USAGE = YES_ERROR;
				CLANG_WARN_DOCUMENTATION_COMMENTS = YES;
				CLANG_WARN_EMPTY_BODY = YES;
				CLANG_WARN_ENUM_CONVERSION = YES;
				CLANG_WARN_INFINITE_RECURSION = YES;
				CLANG_WARN_INT_CONVERSION = YES;
				CLANG_WARN_NON_LITERAL_NULL_CONVERSION = YES;
				CLANG_WARN_OBJC_IMPLICIT_RETAIN_SELF = YES;
				CLANG_WARN_OBJC_LITERAL_CONVERSION = YES;
				CLANG_WARN_OBJC_ROOT_CLASS = YES_ERROR;
				CLANG_WARN_QUOTED_INCLUDE_IN_FRAMEWORK_HEADER = YES;
				CLANG_WARN_RANGE_LOOP_ANALYSIS = YES;
				CLANG_WARN_STRICT_PROTOTYPES = YES;
				CLANG_WARN_SUSPICIOUS_MOVE = YES;
				CLANG_WARN_UNGUARDED_AVAILABILITY = YES_AGGRESSIVE;
				CLANG_WARN_UNREACHABLE_CODE = YES;
				CLANG_WARN__DUPLICATE_METHOD_MATCH = YES;
				COPY_PHASE_STRIP = NO;
				DEBUG_INFORMATION_FORMAT = "dwarf-with-dsym";
				ENABLE_NS_ASSERTIONS = NO;
				ENABLE_STRICT_OBJC_MSGSEND = YES;
				ENABLE_USER_SCRIPT_SANDBOXING = NO;
				GCC_C_LANGUAGE_STANDARD = gnu17;
				GCC_NO_COMMON_BLOCKS = YES;
				GCC_WARN_64_TO_32_BIT_CONVERSION = YES;
				GCC_WARN_ABOUT_RETURN_TYPE = YES_ERROR;
				GCC_WARN_UNDECLARED_SELECTOR = YES;
				GCC_WARN_UNINITIALIZED_AUTOS = YES_AGGRESSIVE;
				GCC_WARN_UNUSED_FUNCTION = YES;
				GCC_WARN_UNUSED_VARIABLE = YES;
				IPHONEOS_DEPLOYMENT_TARGET = 18.1;
				LOCALIZATION_PREFERS_STRING_CATALOGS = YES;
				MTL_ENABLE_DEBUG_INFO = NO;
				MTL_FAST_MATH = YES;
				SDKROOT = iphoneos;
				SWIFT_COMPILATION_MODE = wholemodule;
				SWIFT_EMIT_LOC_STRINGS = YES;
				VALIDATE_PRODUCT = YES;
			};
			name = Release;
		};
		A4EC1C7E2D2D7F0200E3C1D5 /* Debug */ = {
			isa = XCBuildConfiguration;
			baseConfigurationReference = 00B4408B4E83BF505B390387 /* Pods-TVSeries.debug.xcconfig */;
			buildSettings = {
				ASSETCATALOG_COMPILER_APPICON_NAME = AppIcon;
				ASSETCATALOG_COMPILER_GLOBAL_ACCENT_COLOR_NAME = AccentColor;
				CODE_SIGN_STYLE = Automatic;
				CURRENT_PROJECT_VERSION = 1;
				DEVELOPMENT_ASSET_PATHS = "\"TVSeries/Preview Content\"";
				DEVELOPMENT_TEAM = N46Y7Z3F69;
				ENABLE_PREVIEWS = YES;
				GENERATE_INFOPLIST_FILE = YES;
				INFOPLIST_KEY_UIApplicationSceneManifest_Generation = YES;
				INFOPLIST_KEY_UIApplicationSupportsIndirectInputEvents = YES;
				INFOPLIST_KEY_UILaunchScreen_Generation = YES;
				INFOPLIST_KEY_UISupportedInterfaceOrientations_iPad = "UIInterfaceOrientationPortrait UIInterfaceOrientationPortraitUpsideDown UIInterfaceOrientationLandscapeLeft UIInterfaceOrientationLandscapeRight";
				INFOPLIST_KEY_UISupportedInterfaceOrientations_iPhone = "UIInterfaceOrientationPortrait UIInterfaceOrientationLandscapeLeft UIInterfaceOrientationLandscapeRight";
				LD_RUNPATH_SEARCH_PATHS = (
					"$(inherited)",
					"@executable_path/Frameworks",
				);
				MARKETING_VERSION = 1.0;
				PRODUCT_BUNDLE_IDENTIFIER = com.matheusbc.ios.TVSeries;
				PRODUCT_NAME = "$(TARGET_NAME)";
				SWIFT_EMIT_LOC_STRINGS = YES;
				SWIFT_VERSION = 5.0;
				TARGETED_DEVICE_FAMILY = "1,2";
			};
			name = Debug;
		};
		A4EC1C7F2D2D7F0200E3C1D5 /* Release */ = {
			isa = XCBuildConfiguration;
			baseConfigurationReference = 93D5D6B1DAEEA23A5581E7A8 /* Pods-TVSeries.release.xcconfig */;
			buildSettings = {
				ASSETCATALOG_COMPILER_APPICON_NAME = AppIcon;
				ASSETCATALOG_COMPILER_GLOBAL_ACCENT_COLOR_NAME = AccentColor;
				CODE_SIGN_STYLE = Automatic;
				CURRENT_PROJECT_VERSION = 1;
				DEVELOPMENT_ASSET_PATHS = "\"TVSeries/Preview Content\"";
				DEVELOPMENT_TEAM = N46Y7Z3F69;
				ENABLE_PREVIEWS = YES;
				GENERATE_INFOPLIST_FILE = YES;
				INFOPLIST_KEY_UIApplicationSceneManifest_Generation = YES;
				INFOPLIST_KEY_UIApplicationSupportsIndirectInputEvents = YES;
				INFOPLIST_KEY_UILaunchScreen_Generation = YES;
				INFOPLIST_KEY_UISupportedInterfaceOrientations_iPad = "UIInterfaceOrientationPortrait UIInterfaceOrientationPortraitUpsideDown UIInterfaceOrientationLandscapeLeft UIInterfaceOrientationLandscapeRight";
				INFOPLIST_KEY_UISupportedInterfaceOrientations_iPhone = "UIInterfaceOrientationPortrait UIInterfaceOrientationLandscapeLeft UIInterfaceOrientationLandscapeRight";
				LD_RUNPATH_SEARCH_PATHS = (
					"$(inherited)",
					"@executable_path/Frameworks",
				);
				MARKETING_VERSION = 1.0;
				PRODUCT_BUNDLE_IDENTIFIER = com.matheusbc.ios.TVSeries;
				PRODUCT_NAME = "$(TARGET_NAME)";
				SWIFT_EMIT_LOC_STRINGS = YES;
				SWIFT_VERSION = 5.0;
				TARGETED_DEVICE_FAMILY = "1,2";
			};
			name = Release;
		};
		A4EC1C812D2D7F0200E3C1D5 /* Debug */ = {
			isa = XCBuildConfiguration;
			baseConfigurationReference = 18AD8271887CD0E5DD382E0D /* Pods-TVSeriesTests.debug.xcconfig */;
			buildSettings = {
				BUNDLE_LOADER = "$(TEST_HOST)";
				CODE_SIGN_STYLE = Automatic;
				CURRENT_PROJECT_VERSION = 1;
				DEVELOPMENT_TEAM = N46Y7Z3F69;
				GENERATE_INFOPLIST_FILE = YES;
				IPHONEOS_DEPLOYMENT_TARGET = 18.1;
				MARKETING_VERSION = 1.0;
				PRODUCT_BUNDLE_IDENTIFIER = com.matheusbc.ios.TVSeriesTests;
				PRODUCT_NAME = "$(TARGET_NAME)";
				SWIFT_EMIT_LOC_STRINGS = NO;
				SWIFT_VERSION = 5.0;
				TARGETED_DEVICE_FAMILY = "1,2";
				TEST_HOST = "$(BUILT_PRODUCTS_DIR)/TVSeries.app/$(BUNDLE_EXECUTABLE_FOLDER_PATH)/TVSeries";
			};
			name = Debug;
		};
		A4EC1C822D2D7F0200E3C1D5 /* Release */ = {
			isa = XCBuildConfiguration;
			baseConfigurationReference = BA887E27D59CF9CF39458AC1 /* Pods-TVSeriesTests.release.xcconfig */;
			buildSettings = {
				BUNDLE_LOADER = "$(TEST_HOST)";
				CODE_SIGN_STYLE = Automatic;
				CURRENT_PROJECT_VERSION = 1;
				DEVELOPMENT_TEAM = N46Y7Z3F69;
				GENERATE_INFOPLIST_FILE = YES;
				IPHONEOS_DEPLOYMENT_TARGET = 18.1;
				MARKETING_VERSION = 1.0;
				PRODUCT_BUNDLE_IDENTIFIER = com.matheusbc.ios.TVSeriesTests;
				PRODUCT_NAME = "$(TARGET_NAME)";
				SWIFT_EMIT_LOC_STRINGS = NO;
				SWIFT_VERSION = 5.0;
				TARGETED_DEVICE_FAMILY = "1,2";
				TEST_HOST = "$(BUILT_PRODUCTS_DIR)/TVSeries.app/$(BUNDLE_EXECUTABLE_FOLDER_PATH)/TVSeries";
			};
			name = Release;
		};
		A4EC1C842D2D7F0200E3C1D5 /* Debug */ = {
			isa = XCBuildConfiguration;
			baseConfigurationReference = 470A9732C4A9230EFB1618B0 /* Pods-TVSeries-TVSeriesUITests.debug.xcconfig */;
			buildSettings = {
				CODE_SIGN_STYLE = Automatic;
				CURRENT_PROJECT_VERSION = 1;
				DEVELOPMENT_TEAM = N46Y7Z3F69;
				GENERATE_INFOPLIST_FILE = YES;
				MARKETING_VERSION = 1.0;
				PRODUCT_BUNDLE_IDENTIFIER = com.matheusbc.ios.TVSeriesUITests;
				PRODUCT_NAME = "$(TARGET_NAME)";
				SWIFT_EMIT_LOC_STRINGS = NO;
				SWIFT_VERSION = 5.0;
				TARGETED_DEVICE_FAMILY = "1,2";
				TEST_TARGET_NAME = TVSeries;
			};
			name = Debug;
		};
		A4EC1C852D2D7F0200E3C1D5 /* Release */ = {
			isa = XCBuildConfiguration;
			baseConfigurationReference = D5DC4A9C989C9CAF1CDF9B1A /* Pods-TVSeries-TVSeriesUITests.release.xcconfig */;
			buildSettings = {
				CODE_SIGN_STYLE = Automatic;
				CURRENT_PROJECT_VERSION = 1;
				DEVELOPMENT_TEAM = N46Y7Z3F69;
				GENERATE_INFOPLIST_FILE = YES;
				MARKETING_VERSION = 1.0;
				PRODUCT_BUNDLE_IDENTIFIER = com.matheusbc.ios.TVSeriesUITests;
				PRODUCT_NAME = "$(TARGET_NAME)";
				SWIFT_EMIT_LOC_STRINGS = NO;
				SWIFT_VERSION = 5.0;
				TARGETED_DEVICE_FAMILY = "1,2";
				TEST_TARGET_NAME = TVSeries;
			};
			name = Release;
		};
/* End XCBuildConfiguration section */

/* Begin XCConfigurationList section */
		A4EC1C542D2D7F0000E3C1D5 /* Build configuration list for PBXProject "TVSeries" */ = {
			isa = XCConfigurationList;
			buildConfigurations = (
				A4EC1C7B2D2D7F0200E3C1D5 /* Debug */,
				A4EC1C7C2D2D7F0200E3C1D5 /* Release */,
			);
			defaultConfigurationIsVisible = 0;
			defaultConfigurationName = Release;
		};
		A4EC1C7D2D2D7F0200E3C1D5 /* Build configuration list for PBXNativeTarget "TVSeries" */ = {
			isa = XCConfigurationList;
			buildConfigurations = (
				A4EC1C7E2D2D7F0200E3C1D5 /* Debug */,
				A4EC1C7F2D2D7F0200E3C1D5 /* Release */,
			);
			defaultConfigurationIsVisible = 0;
			defaultConfigurationName = Release;
		};
		A4EC1C802D2D7F0200E3C1D5 /* Build configuration list for PBXNativeTarget "TVSeriesTests" */ = {
			isa = XCConfigurationList;
			buildConfigurations = (
				A4EC1C812D2D7F0200E3C1D5 /* Debug */,
				A4EC1C822D2D7F0200E3C1D5 /* Release */,
			);
			defaultConfigurationIsVisible = 0;
			defaultConfigurationName = Release;
		};
		A4EC1C832D2D7F0200E3C1D5 /* Build configuration list for PBXNativeTarget "TVSeriesUITests" */ = {
			isa = XCConfigurationList;
			buildConfigurations = (
				A4EC1C842D2D7F0200E3C1D5 /* Debug */,
				A4EC1C852D2D7F0200E3C1D5 /* Release */,
			);
			defaultConfigurationIsVisible = 0;
			defaultConfigurationName = Release;
		};
/* End XCConfigurationList section */
	};
	rootObject = A4EC1C512D2D7F0000E3C1D5 /* Project object */;
}
